
Microsoft Visual Studio Solution File, Format Version 12.00
# Visual Studio 2012
Project("{FAE04EC0-301F-11D3-BF4B-00C04F79EFBC}") = "AMap_WP_Api_Demos", "AMap_WP_Api_Demos.csproj", "{141CD27C-5C8B-4756-961C-2FEA5D1FACEB}"
EndProject
Global
	GlobalSection(SolutionConfigurationPlatforms) = preSolution
		Debug|Any CPU = Debug|Any CPU
		Release|Any CPU = Release|Any CPU
	EndGlobalSection
	GlobalSection(ProjectConfigurationPlatforms) = postSolution
		{141CD27C-5C8B-4756-961C-2FEA5D1FACEB}.Debug|Any CPU.ActiveCfg = Debug|Any CPU
		{141CD27C-5C8B-4756-961C-2FEA5D1FACEB}.Debug|Any CPU.Build.0 = Debug|Any CPU
		{141CD27C-5C8B-4756-961C-2FEA5D1FACEB}.Debug|Any CPU.Deploy.0 = Debug|Any CPU
		{141CD27C-5C8B-4756-961C-2FEA5D1FACEB}.Release|Any CPU.ActiveCfg = Release|Any CPU
		{141CD27C-5C8B-4756-961C-2FEA5D1FACEB}.Release|Any CPU.Build.0 = Release|Any CPU
		{141CD27C-5C8B-4756-961C-2FEA5D1FACEB}.Release|Any CPU.Deploy.0 = Release|Any CPU
	EndGlobalSection
	GlobalSection(SolutionProperties) = preSolution
		HideSolutionNode = FALSE
	EndGlobalSection
EndGlobal
